
Microsoft Visual Studio Solution File, Format Version 12.00
# Visual Studio Version 16
VisualStudioVersion = 16.0.30503.244
MinimumVisualStudioVersion = 10.0.40219.1
Project("{FAE04EC0-301F-11D3-BF4B-00C04F79EFBC}") = "GameChat", "GameChat\GameChat.csproj", "{8E4E9ACD-C301-45AF-90B1-27B36F92B75C}"
EndProject
Global
	GlobalSection(SolutionConfigurationPlatforms) = preSolution
		Debug|Any CPU = Debug|Any CPU
		Release|Any CPU = Release|Any CPU
	EndGlobalSection
	GlobalSection(ProjectConfigurationPlatforms) = postSolution
		{8E4E9ACD-C301-45AF-90B1-27B36F92B75C}.Debug|Any CPU.ActiveCfg = Debug|Any CPU
		{8E4E9ACD-C301-45AF-90B1-27B36F92B75C}.Debug|Any CPU.Build.0 = Debug|Any CPU
		{8E4E9ACD-C301-45AF-90B1-27B36F92B75C}.Release|Any CPU.ActiveCfg = Release|Any CPU
		{8E4E9ACD-C301-45AF-90B1-27B36F92B75C}.Release|Any CPU.Build.0 = Release|Any CPU
	EndGlobalSection
	GlobalSection(SolutionProperties) = preSolution
		HideSolutionNode = FALSE
	EndGlobalSection
	GlobalSection(ExtensibilityGlobals) = postSolution
		SolutionGuid = {C06E01AD-B72F-4FDF-8ED3-3F7E88B245D7}
	EndGlobalSection
EndGlobal
